
Microsoft Visual Studio Solution File, Format Version 12.00
# Visual Studio 2012
Project("{FAE04EC0-301F-11D3-BF4B-00C04F79EFBC}") = "LegendaryReplays", "LegendaryReplays\LegendaryReplays.csproj", "{EFE4F5C4-D87F-48C0-AA0E-DCC752679CFB}"
	ProjectSection(ProjectDependencies) = postProject
		{F2334692-B0E1-47D7-8479-D12A5F27E678} = {F2334692-B0E1-47D7-8479-D12A5F27E678}
	EndProjectSection
EndProject
Project("{FAE04EC0-301F-11D3-BF4B-00C04F79EFBC}") = "ReplayHandler", "ReplayHandler\ReplayHandler.csproj", "{F2334692-B0E1-47D7-8479-D12A5F27E678}"
EndProject
Global
	GlobalSection(SolutionConfigurationPlatforms) = preSolution
		Debug|Any CPU = Debug|Any CPU
		Release|Any CPU = Release|Any CPU
	EndGlobalSection
	GlobalSection(ProjectConfigurationPlatforms) = postSolution
		{EFE4F5C4-D87F-48C0-AA0E-DCC752679CFB}.Debug|Any CPU.ActiveCfg = Debug|Any CPU
		{EFE4F5C4-D87F-48C0-AA0E-DCC752679CFB}.Debug|Any CPU.Build.0 = Debug|Any CPU
		{EFE4F5C4-D87F-48C0-AA0E-DCC752679CFB}.Release|Any CPU.ActiveCfg = Release|Any CPU
		{EFE4F5C4-D87F-48C0-AA0E-DCC752679CFB}.Release|Any CPU.Build.0 = Release|Any CPU
		{F2334692-B0E1-47D7-8479-D12A5F27E678}.Debug|Any CPU.ActiveCfg = Debug|Any CPU
		{F2334692-B0E1-47D7-8479-D12A5F27E678}.Debug|Any CPU.Build.0 = Debug|Any CPU
		{F2334692-B0E1-47D7-8479-D12A5F27E678}.Release|Any CPU.ActiveCfg = Release|Any CPU
		{F2334692-B0E1-47D7-8479-D12A5F27E678}.Release|Any CPU.Build.0 = Release|Any CPU
	EndGlobalSection
	GlobalSection(SolutionProperties) = preSolution
		HideSolutionNode = FALSE
	EndGlobalSection
EndGlobal
